
Microsoft Visual Studio Solution File, Format Version 12.00
# Visual Studio 15
VisualStudioVersion = 15.0.28307.168
MinimumVisualStudioVersion = 10.0.40219.1
Project("{FAE04EC0-301F-11D3-BF4B-00C04F79EFBC}") = "Exercicio03B", "Exercicio03B\Exercicio03B.csproj", "{F21EE77C-855F-4BE8-AD7C-836798E86225}"
EndProject
Global
	GlobalSection(SolutionConfigurationPlatforms) = preSolution
		Debug|Any CPU = Debug|Any CPU
		Release|Any CPU = Release|Any CPU
	EndGlobalSection
	GlobalSection(ProjectConfigurationPlatforms) = postSolution
		{F21EE77C-855F-4BE8-AD7C-836798E86225}.Debug|Any CPU.ActiveCfg = Debug|Any CPU
		{F21EE77C-855F-4BE8-AD7C-836798E86225}.Debug|Any CPU.Build.0 = Debug|Any CPU
		{F21EE77C-855F-4BE8-AD7C-836798E86225}.Release|Any CPU.ActiveCfg = Release|Any CPU
		{F21EE77C-855F-4BE8-AD7C-836798E86225}.Release|Any CPU.Build.0 = Release|Any CPU
	EndGlobalSection
	GlobalSection(SolutionProperties) = preSolution
		HideSolutionNode = FALSE
	EndGlobalSection
	GlobalSection(ExtensibilityGlobals) = postSolution
		SolutionGuid = {0765E2C7-1C75-4233-8C0F-6DED81FBE409}
	EndGlobalSection
EndGlobal
