
Microsoft Visual Studio Solution File, Format Version 12.00
# Visual Studio 15
VisualStudioVersion = 15.0.28307.168
MinimumVisualStudioVersion = 10.0.40219.1
Project("{FAE04EC0-301F-11D3-BF4B-00C04F79EFBC}") = "ConsoleApp22", "ConsoleApp22\ConsoleApp22.csproj", "{67EC297A-5F7B-46F2-9E45-EB3BC2A4CC63}"
EndProject
Global
	GlobalSection(SolutionConfigurationPlatforms) = preSolution
		Debug|Any CPU = Debug|Any CPU
		Release|Any CPU = Release|Any CPU
	EndGlobalSection
	GlobalSection(ProjectConfigurationPlatforms) = postSolution
		{67EC297A-5F7B-46F2-9E45-EB3BC2A4CC63}.Debug|Any CPU.ActiveCfg = Debug|Any CPU
		{67EC297A-5F7B-46F2-9E45-EB3BC2A4CC63}.Debug|Any CPU.Build.0 = Debug|Any CPU
		{67EC297A-5F7B-46F2-9E45-EB3BC2A4CC63}.Release|Any CPU.ActiveCfg = Release|Any CPU
		{67EC297A-5F7B-46F2-9E45-EB3BC2A4CC63}.Release|Any CPU.Build.0 = Release|Any CPU
	EndGlobalSection
	GlobalSection(SolutionProperties) = preSolution
		HideSolutionNode = FALSE
	EndGlobalSection
	GlobalSection(ExtensibilityGlobals) = postSolution
		SolutionGuid = {5E7DB42B-C349-43B4-B120-8EBAE83A8EE0}
	EndGlobalSection
EndGlobal
