
Microsoft Visual Studio Solution File, Format Version 12.00
# Visual Studio 15
VisualStudioVersion = 15.0.28307.168
MinimumVisualStudioVersion = 10.0.40219.1
Project("{FAE04EC0-301F-11D3-BF4B-00C04F79EFBC}") = "ConsoleApp3", "ConsoleApp3\ConsoleApp3.csproj", "{953E8328-1716-43C1-9ECD-4CE1420D91DC}"
EndProject
Global
	GlobalSection(SolutionConfigurationPlatforms) = preSolution
		Debug|Any CPU = Debug|Any CPU
		Release|Any CPU = Release|Any CPU
	EndGlobalSection
	GlobalSection(ProjectConfigurationPlatforms) = postSolution
		{953E8328-1716-43C1-9ECD-4CE1420D91DC}.Debug|Any CPU.ActiveCfg = Debug|Any CPU
		{953E8328-1716-43C1-9ECD-4CE1420D91DC}.Debug|Any CPU.Build.0 = Debug|Any CPU
		{953E8328-1716-43C1-9ECD-4CE1420D91DC}.Release|Any CPU.ActiveCfg = Release|Any CPU
		{953E8328-1716-43C1-9ECD-4CE1420D91DC}.Release|Any CPU.Build.0 = Release|Any CPU
	EndGlobalSection
	GlobalSection(SolutionProperties) = preSolution
		HideSolutionNode = FALSE
	EndGlobalSection
	GlobalSection(ExtensibilityGlobals) = postSolution
		SolutionGuid = {0567AAD8-6CC4-4B77-B774-B3BE1E797D66}
	EndGlobalSection
EndGlobal
