
Microsoft Visual Studio Solution File, Format Version 12.00
# Visual Studio 15
VisualStudioVersion = 15.0.28307.329
MinimumVisualStudioVersion = 10.0.40219.1
Project("{FAE04EC0-301F-11D3-BF4B-00C04F79EFBC}") = "PTUP", "PTUP\PTUP.csproj", "{904EC867-9729-4B99-B4F9-E5DB2E17E881}"
EndProject
Global
	GlobalSection(SolutionConfigurationPlatforms) = preSolution
		Debug|Any CPU = Debug|Any CPU
		Release|Any CPU = Release|Any CPU
	EndGlobalSection
	GlobalSection(ProjectConfigurationPlatforms) = postSolution
		{904EC867-9729-4B99-B4F9-E5DB2E17E881}.Debug|Any CPU.ActiveCfg = Debug|Any CPU
		{904EC867-9729-4B99-B4F9-E5DB2E17E881}.Debug|Any CPU.Build.0 = Debug|Any CPU
		{904EC867-9729-4B99-B4F9-E5DB2E17E881}.Release|Any CPU.ActiveCfg = Release|Any CPU
		{904EC867-9729-4B99-B4F9-E5DB2E17E881}.Release|Any CPU.Build.0 = Release|Any CPU
	EndGlobalSection
	GlobalSection(SolutionProperties) = preSolution
		HideSolutionNode = FALSE
	EndGlobalSection
	GlobalSection(ExtensibilityGlobals) = postSolution
		SolutionGuid = {BD7A01E4-0606-4C75-89A4-080E11444C67}
	EndGlobalSection
EndGlobal
