
Microsoft Visual Studio Solution File, Format Version 12.00
# Visual Studio 15
VisualStudioVersion = 15.0.28307.168
MinimumVisualStudioVersion = 10.0.40219.1
Project("{FAE04EC0-301F-11D3-BF4B-00C04F79EFBC}") = "ConsoleApp14", "ConsoleApp14\ConsoleApp14.csproj", "{73185138-37BA-403C-AD5E-E361037E9DB2}"
EndProject
Global
	GlobalSection(SolutionConfigurationPlatforms) = preSolution
		Debug|Any CPU = Debug|Any CPU
		Release|Any CPU = Release|Any CPU
	EndGlobalSection
	GlobalSection(ProjectConfigurationPlatforms) = postSolution
		{73185138-37BA-403C-AD5E-E361037E9DB2}.Debug|Any CPU.ActiveCfg = Debug|Any CPU
		{73185138-37BA-403C-AD5E-E361037E9DB2}.Debug|Any CPU.Build.0 = Debug|Any CPU
		{73185138-37BA-403C-AD5E-E361037E9DB2}.Release|Any CPU.ActiveCfg = Release|Any CPU
		{73185138-37BA-403C-AD5E-E361037E9DB2}.Release|Any CPU.Build.0 = Release|Any CPU
	EndGlobalSection
	GlobalSection(SolutionProperties) = preSolution
		HideSolutionNode = FALSE
	EndGlobalSection
	GlobalSection(ExtensibilityGlobals) = postSolution
		SolutionGuid = {21F66816-CBE7-4289-A5BA-301A5DB9EA4D}
	EndGlobalSection
EndGlobal
