
Microsoft Visual Studio Solution File, Format Version 12.00
# Visual Studio 15
VisualStudioVersion = 15.0.28307.168
MinimumVisualStudioVersion = 10.0.40219.1
Project("{FAE04EC0-301F-11D3-BF4B-00C04F79EFBC}") = "Design", "Design\Design.csproj", "{B0D7F492-BC2E-4004-8467-55C9629748CB}"
EndProject
Global
	GlobalSection(SolutionConfigurationPlatforms) = preSolution
		Debug|Any CPU = Debug|Any CPU
		Release|Any CPU = Release|Any CPU
	EndGlobalSection
	GlobalSection(ProjectConfigurationPlatforms) = postSolution
		{B0D7F492-BC2E-4004-8467-55C9629748CB}.Debug|Any CPU.ActiveCfg = Debug|Any CPU
		{B0D7F492-BC2E-4004-8467-55C9629748CB}.Debug|Any CPU.Build.0 = Debug|Any CPU
		{B0D7F492-BC2E-4004-8467-55C9629748CB}.Release|Any CPU.ActiveCfg = Release|Any CPU
		{B0D7F492-BC2E-4004-8467-55C9629748CB}.Release|Any CPU.Build.0 = Release|Any CPU
	EndGlobalSection
	GlobalSection(SolutionProperties) = preSolution
		HideSolutionNode = FALSE
	EndGlobalSection
	GlobalSection(ExtensibilityGlobals) = postSolution
		SolutionGuid = {D3CB30F4-740C-466C-8E34-CB5B55744374}
	EndGlobalSection
EndGlobal
