
Microsoft Visual Studio Solution File, Format Version 12.00
# Visual Studio 15
VisualStudioVersion = 15.0.28307.329
MinimumVisualStudioVersion = 10.0.40219.1
Project("{FAE04EC0-301F-11D3-BF4B-00C04F79EFBC}") = "StringBuilderComments", "StringBuilder\StringBuilderComments.csproj", "{098D3082-1020-480A-B9B5-9390FF9ABB18}"
EndProject
Global
	GlobalSection(SolutionConfigurationPlatforms) = preSolution
		Debug|Any CPU = Debug|Any CPU
		Release|Any CPU = Release|Any CPU
	EndGlobalSection
	GlobalSection(ProjectConfigurationPlatforms) = postSolution
		{098D3082-1020-480A-B9B5-9390FF9ABB18}.Debug|Any CPU.ActiveCfg = Debug|Any CPU
		{098D3082-1020-480A-B9B5-9390FF9ABB18}.Debug|Any CPU.Build.0 = Debug|Any CPU
		{098D3082-1020-480A-B9B5-9390FF9ABB18}.Release|Any CPU.ActiveCfg = Release|Any CPU
		{098D3082-1020-480A-B9B5-9390FF9ABB18}.Release|Any CPU.Build.0 = Release|Any CPU
	EndGlobalSection
	GlobalSection(SolutionProperties) = preSolution
		HideSolutionNode = FALSE
	EndGlobalSection
	GlobalSection(ExtensibilityGlobals) = postSolution
		SolutionGuid = {AFF058A8-BB07-4ACF-AC69-6FAFF85309F0}
	EndGlobalSection
EndGlobal
