
Microsoft Visual Studio Solution File, Format Version 12.00
# Visual Studio 15
VisualStudioVersion = 15.0.28307.168
MinimumVisualStudioVersion = 10.0.40219.1
Project("{FAE04EC0-301F-11D3-BF4B-00C04F79EFBC}") = "ConsoleApp6", "ConsoleApp6\ConsoleApp6.csproj", "{7FB707E0-42E6-439D-B38D-0A44946EBB86}"
EndProject
Global
	GlobalSection(SolutionConfigurationPlatforms) = preSolution
		Debug|Any CPU = Debug|Any CPU
		Release|Any CPU = Release|Any CPU
	EndGlobalSection
	GlobalSection(ProjectConfigurationPlatforms) = postSolution
		{7FB707E0-42E6-439D-B38D-0A44946EBB86}.Debug|Any CPU.ActiveCfg = Debug|Any CPU
		{7FB707E0-42E6-439D-B38D-0A44946EBB86}.Debug|Any CPU.Build.0 = Debug|Any CPU
		{7FB707E0-42E6-439D-B38D-0A44946EBB86}.Release|Any CPU.ActiveCfg = Release|Any CPU
		{7FB707E0-42E6-439D-B38D-0A44946EBB86}.Release|Any CPU.Build.0 = Release|Any CPU
	EndGlobalSection
	GlobalSection(SolutionProperties) = preSolution
		HideSolutionNode = FALSE
	EndGlobalSection
	GlobalSection(ExtensibilityGlobals) = postSolution
		SolutionGuid = {A6D2E03E-F1CF-4745-8AB8-EAB3887D8058}
	EndGlobalSection
EndGlobal
