
Microsoft Visual Studio Solution File, Format Version 12.00
# Visual Studio 15
VisualStudioVersion = 15.0.28307.168
MinimumVisualStudioVersion = 10.0.40219.1
Project("{FAE04EC0-301F-11D3-BF4B-00C04F79EFBC}") = "ConsoleApp5", "ConsoleApp5\ConsoleApp5.csproj", "{888FCC11-475A-4655-A73D-F460EC5E79D4}"
EndProject
Global
	GlobalSection(SolutionConfigurationPlatforms) = preSolution
		Debug|Any CPU = Debug|Any CPU
		Release|Any CPU = Release|Any CPU
	EndGlobalSection
	GlobalSection(ProjectConfigurationPlatforms) = postSolution
		{888FCC11-475A-4655-A73D-F460EC5E79D4}.Debug|Any CPU.ActiveCfg = Debug|Any CPU
		{888FCC11-475A-4655-A73D-F460EC5E79D4}.Debug|Any CPU.Build.0 = Debug|Any CPU
		{888FCC11-475A-4655-A73D-F460EC5E79D4}.Release|Any CPU.ActiveCfg = Release|Any CPU
		{888FCC11-475A-4655-A73D-F460EC5E79D4}.Release|Any CPU.Build.0 = Release|Any CPU
	EndGlobalSection
	GlobalSection(SolutionProperties) = preSolution
		HideSolutionNode = FALSE
	EndGlobalSection
	GlobalSection(ExtensibilityGlobals) = postSolution
		SolutionGuid = {D23B220F-2AD1-487E-895A-B7ABAC6C987A}
	EndGlobalSection
EndGlobal
